
Microsoft Visual Studio Solution File, Format Version 12.00
# Visual Studio 15
Project("{FAE04EC0-301F-11D3-BF4B-00C04F79EFBC}") = "RestApi.Android", "RestApi.Android\RestApi.Android.csproj", "{27C2D310-5D7E-430B-ADD1-4EAE56580AD6}"
EndProject
Project("{FAE04EC0-301F-11D3-BF4B-00C04F79EFBC}") = "RestApi.iOS", "RestApi.iOS\RestApi.iOS.csproj", "{E2BBA174-A533-4F40-A76A-4CE479621FCE}"
EndProject
Project("{FAE04EC0-301F-11D3-BF4B-00C04F79EFBC}") = "RestApi", "RestApi\RestApi.csproj", "{BCC80576-C9D4-4E9D-A3A5-724C52C2CEB4}"
EndProject
Global
	GlobalSection(SolutionConfigurationPlatforms) = preSolution
		Debug|Any CPU = Debug|Any CPU
		Release|Any CPU = Release|Any CPU
		Debug|iPhoneSimulator = Debug|iPhoneSimulator
		Release|iPhoneSimulator = Release|iPhoneSimulator
		Debug|iPhone = Debug|iPhone
		Release|iPhone = Release|iPhone
		Ad-Hoc|iPhone = Ad-Hoc|iPhone
		AppStore|iPhone = AppStore|iPhone
	EndGlobalSection
	GlobalSection(ProjectConfigurationPlatforms) = postSolution
		{27C2D310-5D7E-430B-ADD1-4EAE56580AD6}.Debug|Any CPU.ActiveCfg = Debug|Any CPU
		{27C2D310-5D7E-430B-ADD1-4EAE56580AD6}.Debug|Any CPU.Build.0 = Debug|Any CPU
		{27C2D310-5D7E-430B-ADD1-4EAE56580AD6}.Release|Any CPU.ActiveCfg = Release|Any CPU
		{27C2D310-5D7E-430B-ADD1-4EAE56580AD6}.Release|Any CPU.Build.0 = Release|Any CPU
		{27C2D310-5D7E-430B-ADD1-4EAE56580AD6}.Debug|iPhoneSimulator.ActiveCfg = Debug|Any CPU
		{27C2D310-5D7E-430B-ADD1-4EAE56580AD6}.Debug|iPhoneSimulator.Build.0 = Debug|Any CPU
		{27C2D310-5D7E-430B-ADD1-4EAE56580AD6}.Release|iPhoneSimulator.ActiveCfg = Release|Any CPU
		{27C2D310-5D7E-430B-ADD1-4EAE56580AD6}.Release|iPhoneSimulator.Build.0 = Release|Any CPU
		{27C2D310-5D7E-430B-ADD1-4EAE56580AD6}.Debug|iPhone.ActiveCfg = Debug|Any CPU
		{27C2D310-5D7E-430B-ADD1-4EAE56580AD6}.Debug|iPhone.Build.0 = Debug|Any CPU
		{27C2D310-5D7E-430B-ADD1-4EAE56580AD6}.Release|iPhone.ActiveCfg = Release|Any CPU
		{27C2D310-5D7E-430B-ADD1-4EAE56580AD6}.Release|iPhone.Build.0 = Release|Any CPU
		{27C2D310-5D7E-430B-ADD1-4EAE56580AD6}.Ad-Hoc|iPhone.ActiveCfg = Debug|Any CPU
		{27C2D310-5D7E-430B-ADD1-4EAE56580AD6}.Ad-Hoc|iPhone.Build.0 = Debug|Any CPU
		{27C2D310-5D7E-430B-ADD1-4EAE56580AD6}.AppStore|iPhone.ActiveCfg = Debug|Any CPU
		{27C2D310-5D7E-430B-ADD1-4EAE56580AD6}.AppStore|iPhone.Build.0 = Debug|Any CPU
		{E2BBA174-A533-4F40-A76A-4CE479621FCE}.Debug|Any CPU.ActiveCfg = Debug|iPhoneSimulator
		{E2BBA174-A533-4F40-A76A-4CE479621FCE}.Debug|Any CPU.Build.0 = Debug|iPhoneSimulator
		{E2BBA174-A533-4F40-A76A-4CE479621FCE}.Release|Any CPU.ActiveCfg = Release|iPhoneSimulator
		{E2BBA174-A533-4F40-A76A-4CE479621FCE}.Release|Any CPU.Build.0 = Release|iPhoneSimulator
		{E2BBA174-A533-4F40-A76A-4CE479621FCE}.Debug|iPhoneSimulator.ActiveCfg = Debug|iPhoneSimulator
		{E2BBA174-A533-4F40-A76A-4CE479621FCE}.Debug|iPhoneSimulator.Build.0 = Debug|iPhoneSimulator
		{E2BBA174-A533-4F40-A76A-4CE479621FCE}.Release|iPhoneSimulator.ActiveCfg = Release|iPhoneSimulator
		{E2BBA174-A533-4F40-A76A-4CE479621FCE}.Release|iPhoneSimulator.Build.0 = Release|iPhoneSimulator
		{E2BBA174-A533-4F40-A76A-4CE479621FCE}.Debug|iPhone.ActiveCfg = Debug|iPhone
		{E2BBA174-A533-4F40-A76A-4CE479621FCE}.Debug|iPhone.Build.0 = Debug|iPhone
		{E2BBA174-A533-4F40-A76A-4CE479621FCE}.Release|iPhone.ActiveCfg = Release|iPhone
		{E2BBA174-A533-4F40-A76A-4CE479621FCE}.Release|iPhone.Build.0 = Release|iPhone
		{E2BBA174-A533-4F40-A76A-4CE479621FCE}.Ad-Hoc|iPhone.ActiveCfg = Ad-Hoc|iPhone
		{E2BBA174-A533-4F40-A76A-4CE479621FCE}.Ad-Hoc|iPhone.Build.0 = Ad-Hoc|iPhone
		{E2BBA174-A533-4F40-A76A-4CE479621FCE}.AppStore|iPhone.ActiveCfg = AppStore|iPhone
		{E2BBA174-A533-4F40-A76A-4CE479621FCE}.AppStore|iPhone.Build.0 = AppStore|iPhone
		{BCC80576-C9D4-4E9D-A3A5-724C52C2CEB4}.Debug|Any CPU.ActiveCfg = Debug|Any CPU
		{BCC80576-C9D4-4E9D-A3A5-724C52C2CEB4}.Debug|Any CPU.Build.0 = Debug|Any CPU
		{BCC80576-C9D4-4E9D-A3A5-724C52C2CEB4}.Release|Any CPU.ActiveCfg = Release|Any CPU
		{BCC80576-C9D4-4E9D-A3A5-724C52C2CEB4}.Release|Any CPU.Build.0 = Release|Any CPU
		{BCC80576-C9D4-4E9D-A3A5-724C52C2CEB4}.Debug|iPhoneSimulator.ActiveCfg = Debug|Any CPU
		{BCC80576-C9D4-4E9D-A3A5-724C52C2CEB4}.Debug|iPhoneSimulator.Build.0 = Debug|Any CPU
		{BCC80576-C9D4-4E9D-A3A5-724C52C2CEB4}.Release|iPhoneSimulator.ActiveCfg = Release|Any CPU
		{BCC80576-C9D4-4E9D-A3A5-724C52C2CEB4}.Release|iPhoneSimulator.Build.0 = Release|Any CPU
		{BCC80576-C9D4-4E9D-A3A5-724C52C2CEB4}.Debug|iPhone.ActiveCfg = Debug|Any CPU
		{BCC80576-C9D4-4E9D-A3A5-724C52C2CEB4}.Debug|iPhone.Build.0 = Debug|Any CPU
		{BCC80576-C9D4-4E9D-A3A5-724C52C2CEB4}.Release|iPhone.ActiveCfg = Release|Any CPU
		{BCC80576-C9D4-4E9D-A3A5-724C52C2CEB4}.Release|iPhone.Build.0 = Release|Any CPU
		{BCC80576-C9D4-4E9D-A3A5-724C52C2CEB4}.Ad-Hoc|iPhone.ActiveCfg = Debug|Any CPU
		{BCC80576-C9D4-4E9D-A3A5-724C52C2CEB4}.Ad-Hoc|iPhone.Build.0 = Debug|Any CPU
		{BCC80576-C9D4-4E9D-A3A5-724C52C2CEB4}.AppStore|iPhone.ActiveCfg = Debug|Any CPU
		{BCC80576-C9D4-4E9D-A3A5-724C52C2CEB4}.AppStore|iPhone.Build.0 = Debug|Any CPU
	EndGlobalSection
EndGlobal
