
Microsoft Visual Studio Solution File, Format Version 12.00
# Visual Studio 15
Project("{FAE04EC0-301F-11D3-BF4B-00C04F79EFBC}") = "Maps.Android", "Maps.Android\Maps.Android.csproj", "{5EB4CCE1-DB7E-4A6D-A033-5A0F58716065}"
EndProject
Project("{FAE04EC0-301F-11D3-BF4B-00C04F79EFBC}") = "Maps.iOS", "Maps.iOS\Maps.iOS.csproj", "{6FB2269D-DAA3-40BB-A972-2C2C039A1655}"
EndProject
Project("{FAE04EC0-301F-11D3-BF4B-00C04F79EFBC}") = "Maps", "Maps\Maps.csproj", "{701117DA-DA32-4409-AD40-8B280D251314}"
EndProject
Global
	GlobalSection(SolutionConfigurationPlatforms) = preSolution
		Debug|Any CPU = Debug|Any CPU
		Release|Any CPU = Release|Any CPU
		Debug|iPhoneSimulator = Debug|iPhoneSimulator
		Release|iPhoneSimulator = Release|iPhoneSimulator
		Debug|iPhone = Debug|iPhone
		Release|iPhone = Release|iPhone
		Ad-Hoc|iPhone = Ad-Hoc|iPhone
		AppStore|iPhone = AppStore|iPhone
	EndGlobalSection
	GlobalSection(ProjectConfigurationPlatforms) = postSolution
		{5EB4CCE1-DB7E-4A6D-A033-5A0F58716065}.Debug|Any CPU.ActiveCfg = Debug|Any CPU
		{5EB4CCE1-DB7E-4A6D-A033-5A0F58716065}.Debug|Any CPU.Build.0 = Debug|Any CPU
		{5EB4CCE1-DB7E-4A6D-A033-5A0F58716065}.Release|Any CPU.ActiveCfg = Release|Any CPU
		{5EB4CCE1-DB7E-4A6D-A033-5A0F58716065}.Release|Any CPU.Build.0 = Release|Any CPU
		{5EB4CCE1-DB7E-4A6D-A033-5A0F58716065}.Debug|iPhoneSimulator.ActiveCfg = Debug|Any CPU
		{5EB4CCE1-DB7E-4A6D-A033-5A0F58716065}.Debug|iPhoneSimulator.Build.0 = Debug|Any CPU
		{5EB4CCE1-DB7E-4A6D-A033-5A0F58716065}.Release|iPhoneSimulator.ActiveCfg = Release|Any CPU
		{5EB4CCE1-DB7E-4A6D-A033-5A0F58716065}.Release|iPhoneSimulator.Build.0 = Release|Any CPU
		{5EB4CCE1-DB7E-4A6D-A033-5A0F58716065}.Debug|iPhone.ActiveCfg = Debug|Any CPU
		{5EB4CCE1-DB7E-4A6D-A033-5A0F58716065}.Debug|iPhone.Build.0 = Debug|Any CPU
		{5EB4CCE1-DB7E-4A6D-A033-5A0F58716065}.Release|iPhone.ActiveCfg = Release|Any CPU
		{5EB4CCE1-DB7E-4A6D-A033-5A0F58716065}.Release|iPhone.Build.0 = Release|Any CPU
		{5EB4CCE1-DB7E-4A6D-A033-5A0F58716065}.Ad-Hoc|iPhone.ActiveCfg = Debug|Any CPU
		{5EB4CCE1-DB7E-4A6D-A033-5A0F58716065}.Ad-Hoc|iPhone.Build.0 = Debug|Any CPU
		{5EB4CCE1-DB7E-4A6D-A033-5A0F58716065}.AppStore|iPhone.ActiveCfg = Debug|Any CPU
		{5EB4CCE1-DB7E-4A6D-A033-5A0F58716065}.AppStore|iPhone.Build.0 = Debug|Any CPU
		{6FB2269D-DAA3-40BB-A972-2C2C039A1655}.Debug|Any CPU.ActiveCfg = Debug|iPhoneSimulator
		{6FB2269D-DAA3-40BB-A972-2C2C039A1655}.Debug|Any CPU.Build.0 = Debug|iPhoneSimulator
		{6FB2269D-DAA3-40BB-A972-2C2C039A1655}.Release|Any CPU.ActiveCfg = Release|iPhoneSimulator
		{6FB2269D-DAA3-40BB-A972-2C2C039A1655}.Release|Any CPU.Build.0 = Release|iPhoneSimulator
		{6FB2269D-DAA3-40BB-A972-2C2C039A1655}.Debug|iPhoneSimulator.ActiveCfg = Debug|iPhoneSimulator
		{6FB2269D-DAA3-40BB-A972-2C2C039A1655}.Debug|iPhoneSimulator.Build.0 = Debug|iPhoneSimulator
		{6FB2269D-DAA3-40BB-A972-2C2C039A1655}.Release|iPhoneSimulator.ActiveCfg = Release|iPhoneSimulator
		{6FB2269D-DAA3-40BB-A972-2C2C039A1655}.Release|iPhoneSimulator.Build.0 = Release|iPhoneSimulator
		{6FB2269D-DAA3-40BB-A972-2C2C039A1655}.Debug|iPhone.ActiveCfg = Debug|iPhone
		{6FB2269D-DAA3-40BB-A972-2C2C039A1655}.Debug|iPhone.Build.0 = Debug|iPhone
		{6FB2269D-DAA3-40BB-A972-2C2C039A1655}.Release|iPhone.ActiveCfg = Release|iPhone
		{6FB2269D-DAA3-40BB-A972-2C2C039A1655}.Release|iPhone.Build.0 = Release|iPhone
		{6FB2269D-DAA3-40BB-A972-2C2C039A1655}.Ad-Hoc|iPhone.ActiveCfg = Ad-Hoc|iPhone
		{6FB2269D-DAA3-40BB-A972-2C2C039A1655}.Ad-Hoc|iPhone.Build.0 = Ad-Hoc|iPhone
		{6FB2269D-DAA3-40BB-A972-2C2C039A1655}.AppStore|iPhone.ActiveCfg = AppStore|iPhone
		{6FB2269D-DAA3-40BB-A972-2C2C039A1655}.AppStore|iPhone.Build.0 = AppStore|iPhone
		{701117DA-DA32-4409-AD40-8B280D251314}.Debug|Any CPU.ActiveCfg = Debug|Any CPU
		{701117DA-DA32-4409-AD40-8B280D251314}.Debug|Any CPU.Build.0 = Debug|Any CPU
		{701117DA-DA32-4409-AD40-8B280D251314}.Release|Any CPU.ActiveCfg = Release|Any CPU
		{701117DA-DA32-4409-AD40-8B280D251314}.Release|Any CPU.Build.0 = Release|Any CPU
		{701117DA-DA32-4409-AD40-8B280D251314}.Debug|iPhoneSimulator.ActiveCfg = Debug|Any CPU
		{701117DA-DA32-4409-AD40-8B280D251314}.Debug|iPhoneSimulator.Build.0 = Debug|Any CPU
		{701117DA-DA32-4409-AD40-8B280D251314}.Release|iPhoneSimulator.ActiveCfg = Release|Any CPU
		{701117DA-DA32-4409-AD40-8B280D251314}.Release|iPhoneSimulator.Build.0 = Release|Any CPU
		{701117DA-DA32-4409-AD40-8B280D251314}.Debug|iPhone.ActiveCfg = Debug|Any CPU
		{701117DA-DA32-4409-AD40-8B280D251314}.Debug|iPhone.Build.0 = Debug|Any CPU
		{701117DA-DA32-4409-AD40-8B280D251314}.Release|iPhone.ActiveCfg = Release|Any CPU
		{701117DA-DA32-4409-AD40-8B280D251314}.Release|iPhone.Build.0 = Release|Any CPU
		{701117DA-DA32-4409-AD40-8B280D251314}.Ad-Hoc|iPhone.ActiveCfg = Debug|Any CPU
		{701117DA-DA32-4409-AD40-8B280D251314}.Ad-Hoc|iPhone.Build.0 = Debug|Any CPU
		{701117DA-DA32-4409-AD40-8B280D251314}.AppStore|iPhone.ActiveCfg = Debug|Any CPU
		{701117DA-DA32-4409-AD40-8B280D251314}.AppStore|iPhone.Build.0 = Debug|Any CPU
	EndGlobalSection
EndGlobal
