
Microsoft Visual Studio Solution File, Format Version 12.00
# Visual Studio 15
Project("{FAE04EC0-301F-11D3-BF4B-00C04F79EFBC}") = "MasterDetailPractice.Android", "MasterDetailPractice.Android\MasterDetailPractice.Android.csproj", "{833C4020-4DC7-41E2-9456-5C48EE005CEC}"
EndProject
Project("{FAE04EC0-301F-11D3-BF4B-00C04F79EFBC}") = "MasterDetailPractice.iOS", "MasterDetailPractice.iOS\MasterDetailPractice.iOS.csproj", "{E2FF0DBC-ADD7-4AC5-9B70-A8C74390CA89}"
EndProject
Project("{FAE04EC0-301F-11D3-BF4B-00C04F79EFBC}") = "MasterDetailPractice", "MasterDetailPractice\MasterDetailPractice.csproj", "{BDBF2332-44BD-4544-8CDC-932FF69B5417}"
EndProject
Global
	GlobalSection(SolutionConfigurationPlatforms) = preSolution
		Debug|Any CPU = Debug|Any CPU
		Release|Any CPU = Release|Any CPU
		Debug|iPhoneSimulator = Debug|iPhoneSimulator
		Release|iPhoneSimulator = Release|iPhoneSimulator
		Debug|iPhone = Debug|iPhone
		Release|iPhone = Release|iPhone
		Ad-Hoc|iPhone = Ad-Hoc|iPhone
		AppStore|iPhone = AppStore|iPhone
	EndGlobalSection
	GlobalSection(ProjectConfigurationPlatforms) = postSolution
		{833C4020-4DC7-41E2-9456-5C48EE005CEC}.Debug|Any CPU.ActiveCfg = Debug|Any CPU
		{833C4020-4DC7-41E2-9456-5C48EE005CEC}.Debug|Any CPU.Build.0 = Debug|Any CPU
		{833C4020-4DC7-41E2-9456-5C48EE005CEC}.Release|Any CPU.ActiveCfg = Release|Any CPU
		{833C4020-4DC7-41E2-9456-5C48EE005CEC}.Release|Any CPU.Build.0 = Release|Any CPU
		{833C4020-4DC7-41E2-9456-5C48EE005CEC}.Debug|iPhoneSimulator.ActiveCfg = Debug|Any CPU
		{833C4020-4DC7-41E2-9456-5C48EE005CEC}.Debug|iPhoneSimulator.Build.0 = Debug|Any CPU
		{833C4020-4DC7-41E2-9456-5C48EE005CEC}.Release|iPhoneSimulator.ActiveCfg = Release|Any CPU
		{833C4020-4DC7-41E2-9456-5C48EE005CEC}.Release|iPhoneSimulator.Build.0 = Release|Any CPU
		{833C4020-4DC7-41E2-9456-5C48EE005CEC}.Debug|iPhone.ActiveCfg = Debug|Any CPU
		{833C4020-4DC7-41E2-9456-5C48EE005CEC}.Debug|iPhone.Build.0 = Debug|Any CPU
		{833C4020-4DC7-41E2-9456-5C48EE005CEC}.Release|iPhone.ActiveCfg = Release|Any CPU
		{833C4020-4DC7-41E2-9456-5C48EE005CEC}.Release|iPhone.Build.0 = Release|Any CPU
		{833C4020-4DC7-41E2-9456-5C48EE005CEC}.Ad-Hoc|iPhone.ActiveCfg = Debug|Any CPU
		{833C4020-4DC7-41E2-9456-5C48EE005CEC}.Ad-Hoc|iPhone.Build.0 = Debug|Any CPU
		{833C4020-4DC7-41E2-9456-5C48EE005CEC}.AppStore|iPhone.ActiveCfg = Debug|Any CPU
		{833C4020-4DC7-41E2-9456-5C48EE005CEC}.AppStore|iPhone.Build.0 = Debug|Any CPU
		{E2FF0DBC-ADD7-4AC5-9B70-A8C74390CA89}.Debug|Any CPU.ActiveCfg = Debug|iPhoneSimulator
		{E2FF0DBC-ADD7-4AC5-9B70-A8C74390CA89}.Debug|Any CPU.Build.0 = Debug|iPhoneSimulator
		{E2FF0DBC-ADD7-4AC5-9B70-A8C74390CA89}.Release|Any CPU.ActiveCfg = Release|iPhoneSimulator
		{E2FF0DBC-ADD7-4AC5-9B70-A8C74390CA89}.Release|Any CPU.Build.0 = Release|iPhoneSimulator
		{E2FF0DBC-ADD7-4AC5-9B70-A8C74390CA89}.Debug|iPhoneSimulator.ActiveCfg = Debug|iPhoneSimulator
		{E2FF0DBC-ADD7-4AC5-9B70-A8C74390CA89}.Debug|iPhoneSimulator.Build.0 = Debug|iPhoneSimulator
		{E2FF0DBC-ADD7-4AC5-9B70-A8C74390CA89}.Release|iPhoneSimulator.ActiveCfg = Release|iPhoneSimulator
		{E2FF0DBC-ADD7-4AC5-9B70-A8C74390CA89}.Release|iPhoneSimulator.Build.0 = Release|iPhoneSimulator
		{E2FF0DBC-ADD7-4AC5-9B70-A8C74390CA89}.Debug|iPhone.ActiveCfg = Debug|iPhone
		{E2FF0DBC-ADD7-4AC5-9B70-A8C74390CA89}.Debug|iPhone.Build.0 = Debug|iPhone
		{E2FF0DBC-ADD7-4AC5-9B70-A8C74390CA89}.Release|iPhone.ActiveCfg = Release|iPhone
		{E2FF0DBC-ADD7-4AC5-9B70-A8C74390CA89}.Release|iPhone.Build.0 = Release|iPhone
		{E2FF0DBC-ADD7-4AC5-9B70-A8C74390CA89}.Ad-Hoc|iPhone.ActiveCfg = Ad-Hoc|iPhone
		{E2FF0DBC-ADD7-4AC5-9B70-A8C74390CA89}.Ad-Hoc|iPhone.Build.0 = Ad-Hoc|iPhone
		{E2FF0DBC-ADD7-4AC5-9B70-A8C74390CA89}.AppStore|iPhone.ActiveCfg = AppStore|iPhone
		{E2FF0DBC-ADD7-4AC5-9B70-A8C74390CA89}.AppStore|iPhone.Build.0 = AppStore|iPhone
		{BDBF2332-44BD-4544-8CDC-932FF69B5417}.Debug|Any CPU.ActiveCfg = Debug|Any CPU
		{BDBF2332-44BD-4544-8CDC-932FF69B5417}.Debug|Any CPU.Build.0 = Debug|Any CPU
		{BDBF2332-44BD-4544-8CDC-932FF69B5417}.Release|Any CPU.ActiveCfg = Release|Any CPU
		{BDBF2332-44BD-4544-8CDC-932FF69B5417}.Release|Any CPU.Build.0 = Release|Any CPU
		{BDBF2332-44BD-4544-8CDC-932FF69B5417}.Debug|iPhoneSimulator.ActiveCfg = Debug|Any CPU
		{BDBF2332-44BD-4544-8CDC-932FF69B5417}.Debug|iPhoneSimulator.Build.0 = Debug|Any CPU
		{BDBF2332-44BD-4544-8CDC-932FF69B5417}.Release|iPhoneSimulator.ActiveCfg = Release|Any CPU
		{BDBF2332-44BD-4544-8CDC-932FF69B5417}.Release|iPhoneSimulator.Build.0 = Release|Any CPU
		{BDBF2332-44BD-4544-8CDC-932FF69B5417}.Debug|iPhone.ActiveCfg = Debug|Any CPU
		{BDBF2332-44BD-4544-8CDC-932FF69B5417}.Debug|iPhone.Build.0 = Debug|Any CPU
		{BDBF2332-44BD-4544-8CDC-932FF69B5417}.Release|iPhone.ActiveCfg = Release|Any CPU
		{BDBF2332-44BD-4544-8CDC-932FF69B5417}.Release|iPhone.Build.0 = Release|Any CPU
		{BDBF2332-44BD-4544-8CDC-932FF69B5417}.Ad-Hoc|iPhone.ActiveCfg = Debug|Any CPU
		{BDBF2332-44BD-4544-8CDC-932FF69B5417}.Ad-Hoc|iPhone.Build.0 = Debug|Any CPU
		{BDBF2332-44BD-4544-8CDC-932FF69B5417}.AppStore|iPhone.ActiveCfg = Debug|Any CPU
		{BDBF2332-44BD-4544-8CDC-932FF69B5417}.AppStore|iPhone.Build.0 = Debug|Any CPU
	EndGlobalSection
EndGlobal
