
Microsoft Visual Studio Solution File, Format Version 12.00
# Visual Studio 15
Project("{FAE04EC0-301F-11D3-BF4B-00C04F79EFBC}") = "UpdatedArabianDall.Android", "UpdatedArabianDall.Android\UpdatedArabianDall.Android.csproj", "{23D119D3-F4D9-4F60-9838-51FCBC7B242E}"
EndProject
Project("{FAE04EC0-301F-11D3-BF4B-00C04F79EFBC}") = "UpdatedArabianDall.iOS", "UpdatedArabianDall.iOS\UpdatedArabianDall.iOS.csproj", "{9DDF93F8-7AD3-4000-882C-69C40A5B8749}"
EndProject
Project("{FAE04EC0-301F-11D3-BF4B-00C04F79EFBC}") = "UpdatedArabianDall", "UpdatedArabianDall\UpdatedArabianDall.csproj", "{610FF867-C09E-4820-9F57-9AE2BE204087}"
EndProject
Global
	GlobalSection(SolutionConfigurationPlatforms) = preSolution
		Debug|Any CPU = Debug|Any CPU
		Release|Any CPU = Release|Any CPU
		Debug|iPhoneSimulator = Debug|iPhoneSimulator
		Release|iPhoneSimulator = Release|iPhoneSimulator
		Debug|iPhone = Debug|iPhone
		Release|iPhone = Release|iPhone
		Ad-Hoc|iPhone = Ad-Hoc|iPhone
		AppStore|iPhone = AppStore|iPhone
	EndGlobalSection
	GlobalSection(ProjectConfigurationPlatforms) = postSolution
		{23D119D3-F4D9-4F60-9838-51FCBC7B242E}.Debug|Any CPU.ActiveCfg = Debug|Any CPU
		{23D119D3-F4D9-4F60-9838-51FCBC7B242E}.Debug|Any CPU.Build.0 = Debug|Any CPU
		{23D119D3-F4D9-4F60-9838-51FCBC7B242E}.Release|Any CPU.ActiveCfg = Release|Any CPU
		{23D119D3-F4D9-4F60-9838-51FCBC7B242E}.Release|Any CPU.Build.0 = Release|Any CPU
		{23D119D3-F4D9-4F60-9838-51FCBC7B242E}.Debug|iPhoneSimulator.ActiveCfg = Debug|Any CPU
		{23D119D3-F4D9-4F60-9838-51FCBC7B242E}.Debug|iPhoneSimulator.Build.0 = Debug|Any CPU
		{23D119D3-F4D9-4F60-9838-51FCBC7B242E}.Release|iPhoneSimulator.ActiveCfg = Release|Any CPU
		{23D119D3-F4D9-4F60-9838-51FCBC7B242E}.Release|iPhoneSimulator.Build.0 = Release|Any CPU
		{23D119D3-F4D9-4F60-9838-51FCBC7B242E}.Debug|iPhone.ActiveCfg = Debug|Any CPU
		{23D119D3-F4D9-4F60-9838-51FCBC7B242E}.Debug|iPhone.Build.0 = Debug|Any CPU
		{23D119D3-F4D9-4F60-9838-51FCBC7B242E}.Release|iPhone.ActiveCfg = Release|Any CPU
		{23D119D3-F4D9-4F60-9838-51FCBC7B242E}.Release|iPhone.Build.0 = Release|Any CPU
		{23D119D3-F4D9-4F60-9838-51FCBC7B242E}.Ad-Hoc|iPhone.ActiveCfg = Debug|Any CPU
		{23D119D3-F4D9-4F60-9838-51FCBC7B242E}.Ad-Hoc|iPhone.Build.0 = Debug|Any CPU
		{23D119D3-F4D9-4F60-9838-51FCBC7B242E}.AppStore|iPhone.ActiveCfg = Debug|Any CPU
		{23D119D3-F4D9-4F60-9838-51FCBC7B242E}.AppStore|iPhone.Build.0 = Debug|Any CPU
		{9DDF93F8-7AD3-4000-882C-69C40A5B8749}.Debug|Any CPU.ActiveCfg = Debug|iPhoneSimulator
		{9DDF93F8-7AD3-4000-882C-69C40A5B8749}.Debug|Any CPU.Build.0 = Debug|iPhoneSimulator
		{9DDF93F8-7AD3-4000-882C-69C40A5B8749}.Release|Any CPU.ActiveCfg = Release|iPhoneSimulator
		{9DDF93F8-7AD3-4000-882C-69C40A5B8749}.Release|Any CPU.Build.0 = Release|iPhoneSimulator
		{9DDF93F8-7AD3-4000-882C-69C40A5B8749}.Debug|iPhoneSimulator.ActiveCfg = Debug|iPhoneSimulator
		{9DDF93F8-7AD3-4000-882C-69C40A5B8749}.Debug|iPhoneSimulator.Build.0 = Debug|iPhoneSimulator
		{9DDF93F8-7AD3-4000-882C-69C40A5B8749}.Release|iPhoneSimulator.ActiveCfg = Release|iPhoneSimulator
		{9DDF93F8-7AD3-4000-882C-69C40A5B8749}.Release|iPhoneSimulator.Build.0 = Release|iPhoneSimulator
		{9DDF93F8-7AD3-4000-882C-69C40A5B8749}.Debug|iPhone.ActiveCfg = Debug|iPhone
		{9DDF93F8-7AD3-4000-882C-69C40A5B8749}.Debug|iPhone.Build.0 = Debug|iPhone
		{9DDF93F8-7AD3-4000-882C-69C40A5B8749}.Release|iPhone.ActiveCfg = Release|iPhone
		{9DDF93F8-7AD3-4000-882C-69C40A5B8749}.Release|iPhone.Build.0 = Release|iPhone
		{9DDF93F8-7AD3-4000-882C-69C40A5B8749}.Ad-Hoc|iPhone.ActiveCfg = Ad-Hoc|iPhone
		{9DDF93F8-7AD3-4000-882C-69C40A5B8749}.Ad-Hoc|iPhone.Build.0 = Ad-Hoc|iPhone
		{9DDF93F8-7AD3-4000-882C-69C40A5B8749}.AppStore|iPhone.ActiveCfg = AppStore|iPhone
		{9DDF93F8-7AD3-4000-882C-69C40A5B8749}.AppStore|iPhone.Build.0 = AppStore|iPhone
		{610FF867-C09E-4820-9F57-9AE2BE204087}.Debug|Any CPU.ActiveCfg = Debug|Any CPU
		{610FF867-C09E-4820-9F57-9AE2BE204087}.Debug|Any CPU.Build.0 = Debug|Any CPU
		{610FF867-C09E-4820-9F57-9AE2BE204087}.Release|Any CPU.ActiveCfg = Release|Any CPU
		{610FF867-C09E-4820-9F57-9AE2BE204087}.Release|Any CPU.Build.0 = Release|Any CPU
		{610FF867-C09E-4820-9F57-9AE2BE204087}.Debug|iPhoneSimulator.ActiveCfg = Debug|Any CPU
		{610FF867-C09E-4820-9F57-9AE2BE204087}.Debug|iPhoneSimulator.Build.0 = Debug|Any CPU
		{610FF867-C09E-4820-9F57-9AE2BE204087}.Release|iPhoneSimulator.ActiveCfg = Release|Any CPU
		{610FF867-C09E-4820-9F57-9AE2BE204087}.Release|iPhoneSimulator.Build.0 = Release|Any CPU
		{610FF867-C09E-4820-9F57-9AE2BE204087}.Debug|iPhone.ActiveCfg = Debug|Any CPU
		{610FF867-C09E-4820-9F57-9AE2BE204087}.Debug|iPhone.Build.0 = Debug|Any CPU
		{610FF867-C09E-4820-9F57-9AE2BE204087}.Release|iPhone.ActiveCfg = Release|Any CPU
		{610FF867-C09E-4820-9F57-9AE2BE204087}.Release|iPhone.Build.0 = Release|Any CPU
		{610FF867-C09E-4820-9F57-9AE2BE204087}.Ad-Hoc|iPhone.ActiveCfg = Debug|Any CPU
		{610FF867-C09E-4820-9F57-9AE2BE204087}.Ad-Hoc|iPhone.Build.0 = Debug|Any CPU
		{610FF867-C09E-4820-9F57-9AE2BE204087}.AppStore|iPhone.ActiveCfg = Debug|Any CPU
		{610FF867-C09E-4820-9F57-9AE2BE204087}.AppStore|iPhone.Build.0 = Debug|Any CPU
	EndGlobalSection
EndGlobal
